lockfileVersion: '9.0'

settings:
  autoInstallPeers: true
  excludeLinksFromLockfile: false

importers:

  .:
    dependencies:
      '@notionhq/client':
        specifier: ^5.4.0
        version: 5.4.0
      commander:
        specifier: ^14.0.2
        version: 14.0.2
      dotenv:
        specifier: ^17.2.3
        version: 17.2.3
      notion-to-md:
        specifier: ^3.1.9
        version: 3.1.9
      zod:
        specifier: ^4.2.1
        version: 4.2.1
    devDependencies:
      '@types/node':
        specifier: ^24.10.2
        version: 24.10.2
      typescript:
        specifier: ^5.9.3
        version: 5.9.3

packages:

  '@notionhq/client@5.4.0':
    resolution: {integrity: sha512-SJsprS26S0Wi9CoTQp4vC8/nPpAIo1gMB4H7aJ2E/k0fWnNGIEAg984KwtzK6h9ZGaPcEaryVRSz1VVClJcVUw==}
    engines: {node: '>=18'}

  '@types/node@24.10.2':
    resolution: {integrity: sha512-WOhQTZ4G8xZ1tjJTvKOpyEVSGgOTvJAfDK3FNFgELyaTpzhdgHVHeqW8V+UJvzF5BT+/B54T/1S2K6gd9c7bbA==}

  commander@14.0.2:
    resolution: {integrity: sha512-TywoWNNRbhoD0BXs1P3ZEScW8W5iKrnbithIl0YH+uCmBd0QpPOA8yc82DS3BIE5Ma6FnBVUsJ7wVUDz4dvOWQ==}
    engines: {node: '>=20'}

  dotenv@17.2.3:
    resolution: {integrity: sha512-JVUnt+DUIzu87TABbhPmNfVdBDt18BLOWjMUFJMSi/Qqg7NTYtabbvSNJGOJ7afbRuv9D/lngizHtP7QyLQ+9w==}
    engines: {node: '>=12'}

  markdown-table@2.0.0:
    resolution: {integrity: sha512-Ezda85ToJUBhM6WGaG6veasyym+Tbs3cMAw/ZhOPqXiYsr0jgocBV3j3nx+4lk47plLlIqjwuTm/ywVI+zjJ/A==}

  node-fetch@2.7.0:
    resolution: {integrity: sha512-c4FRfUm/dbcWZ7U+1Wq0AwCyFL+3nt2bEw05wfxSz+DWpWsitgmSgYmy2dQdWyKC1694ELPqMs/YzUSNozLt8A==}
    engines: {node: 4.x || >=6.0.0}
    peerDependencies:
      encoding: ^0.1.0
    peerDependenciesMeta:
      encoding:
        optional: true

  notion-to-md@3.1.9:
    resolution: {integrity: sha512-SsYhhigh+jOv06QOiFynOQATPMl96CspWDIL3Q5klzp4eaZ1dYaPI3ELoly80G1K0jf730u3ItvfwskzPKK41g==}
    engines: {node: '>=12'}

  repeat-string@1.6.1:
    resolution: {integrity: sha512-PV0dzCYDNfRi1jCDbJzpW7jNNDRuCOG/jI5ctQcGKt/clZD+YcPS3yIlWuTJMmESC8aevCFmWJy5wjAFgNqN6w==}
    engines: {node: '>=0.10'}

  tr46@0.0.3:
    resolution: {integrity: sha512-N3WMsuqV66lT30CrXNbEjx4GEwlow3v6rr4mCcv6prnfwhS01rkgyFdjPNBYd9br7LpXV1+Emh01fHnq2Gdgrw==}

  typescript@5.9.3:
    resolution: {integrity: sha512-jl1vZzPDinLr9eUt3J/t7V6FgNEw9QjvBPdysz9KfQDD41fQrC2Y4vKQdiaUpFT4bXlb1RHhLpp8wtm6M5TgSw==}
    engines: {node: '>=14.17'}
    hasBin: true

  undici-types@7.16.0:
    resolution: {integrity: sha512-Zz+aZWSj8LE6zoxD+xrjh4VfkIG8Ya6LvYkZqtUQGJPZjYl53ypCaUwWqo7eI0x66KBGeRo+mlBEkMSeSZ38Nw==}

  webidl-conversions@3.0.1:
    resolution: {integrity: sha512-2JAn3z8AR6rjK8Sm8orRC0h/bcl/DqL7tRPdGZ4I1CjdF+EaMLmYxBHyXuKL849eucPFhvBoxMsflfOb8kxaeQ==}

  whatwg-url@5.0.0:
    resolution: {integrity: sha512-saE57nupxk6v3HY35+jzBwYa0rKSy0XR8JSxZPwgLr7ys0IBzhGviA1/TUGJLmSVqs8pb9AnvICXEuOHLprYTw==}

  zod@4.2.1:
    resolution: {integrity: sha512-0wZ1IRqGGhMP76gLqz8EyfBXKk0J2qo2+H3fi4mcUP/KtTocoX08nmIAHl1Z2kJIZbZee8KOpBCSNPRgauucjw==}

snapshots:

  '@notionhq/client@5.4.0': {}

  '@types/node@24.10.2':
    dependencies:
      undici-types: 7.16.0

  commander@14.0.2: {}

  dotenv@17.2.3: {}

  markdown-table@2.0.0:
    dependencies:
      repeat-string: 1.6.1

  node-fetch@2.7.0:
    dependencies:
      whatwg-url: 5.0.0

  notion-to-md@3.1.9:
    dependencies:
      markdown-table: 2.0.0
      node-fetch: 2.7.0
    transitivePeerDependencies:
      - encoding

  repeat-string@1.6.1: {}

  tr46@0.0.3: {}

  typescript@5.9.3: {}

  undici-types@7.16.0: {}

  webidl-conversions@3.0.1: {}

  whatwg-url@5.0.0:
    dependencies:
      tr46: 0.0.3
      webidl-conversions: 3.0.1

  zod@4.2.1: {}
